{
  "name": "projeto-final",
  "version": "1.0.0",
  "lockfileVersion": 1,
  "requires": true,
  "dependencies": {
    "@types/luxon": {
      "version": "1.21.0",
      "resolved": "https://registry.npmjs.org/@types/luxon/-/luxon-1.21.0.tgz",
      "integrity": "sha512-Zhrf65tpjOlVIYrUhX9eu1VzRo8iixQDLFPbfqFxPpG4pBTNNPZ2BFhYE0IAsDfW9GWg+RcrUqiLwrGJH4rq4w=="
    },
    "luxon": {
      "version": "1.21.3",
      "resolved": "https://registry.npmjs.org/luxon/-/luxon-1.21.3.tgz",
      "integrity": "sha512-lLRwNcNnkZLuv13A1FUuZRZmTWF7ro2ricYvb0L9cvBYHPvZhQdKwrYnZzi103D2XKmlVmxWpdn2wfIiOt2YEw=="
    },
    "ngx-material-timepicker": {
      "version": "5.2.3",
      "resolved": "https://registry.npmjs.org/ngx-material-timepicker/-/ngx-material-timepicker-5.2.3.tgz",
      "integrity": "sha512-3HzHq/UXJQF0cOvissCOxlM+Dzfza/5ouI088GOR77HK0XPzSZluVdamIsz9g+mxVu7LBNh59XNMUNC/6wsUYw==",
      "requires": {
        "@types/luxon": "^1.11.1",
        "luxon": "^1.11.3",
        "tslib": "^1.9.0"
      }
    },
    "tslib": {
      "version": "1.10.0",
      "resolved": "https://registry.npmjs.org/tslib/-/tslib-1.10.0.tgz",
      "integrity": "sha512-qOebF53frne81cf0S9B41ByenJ3/IuH8yJKngAX35CmiZySA0khhkovshKK+jGCaMnVomla7gVlIcc3EvKPbTQ=="
    }
  }
}
